<?xml version="1.0" encoding="UTF-8" standalone="yes" ?>
<CodeBlocks_project_file>
	<FileVersion major="1" minor="6" />
	<Project>
		<Option title="PipeLine" />
		<Option pch_mode="2" />
		<Option compiler="gcc" />
		<Build>
			<Target title="Debug">
				<Option output="bin/Debug/PipeLine" prefix_auto="1" extension_auto="1" />
				<Option object_output="obj/Debug/" />
				<Option type="1" />
				<Option compiler="gcc" />
				<Compiler>
					<Add option="-g" />
				</Compiler>
			</Target>
			<Target title="Release">
				<Option output="bin/Release/PipeLine" prefix_auto="1" extension_auto="1" />
				<Option object_output="obj/Release/" />
				<Option type="1" />
				<Option compiler="gcc" />
				<Compiler>
					<Add option="-O2" />
				</Compiler>
				<Linker>
					<Add option="-s" />
				</Linker>
			</Target>
		</Build>
		<Compiler>
			<Add option="-Wall" />
			<Add option="-fexceptions" />
		</Compiler>
		<Unit filename="Cross.cpp" />
		<Unit filename="Cross.h">
			<Option target="&lt;{~None~}&gt;" />
		</Unit>
		<Unit filename="GameManager.cpp">
			<Option target="&lt;{~None~}&gt;" />
		</Unit>
		<Unit filename="GameManager.h">
			<Option target="&lt;{~None~}&gt;" />
		</Unit>
		<Unit filename="Graph.cpp">
			<Option target="&lt;{~None~}&gt;" />
		</Unit>
		<Unit filename="Graph.h">
			<Option target="&lt;{~None~}&gt;" />
		</Unit>
		<Unit filename="Line.cpp" />
		<Unit filename="Line.h">
			<Option target="&lt;{~None~}&gt;" />
		</Unit>
		<Unit filename="Pipe.cpp" />
		<Unit filename="Pipe.h">
			<Option target="&lt;{~None~}&gt;" />
		</Unit>
		<Unit filename="Turn.cpp" />
		<Unit filename="Turn.h">
			<Option target="&lt;{~None~}&gt;" />
		</Unit>
		<Unit filename="main.cpp" />
		<Extensions>
			<code_completion />
			<debugger />
			<envvars />
		</Extensions>
	</Project>
</CodeBlocks_project_file>
